
Microsoft Visual Studio Solution File, Format Version 12.00
# Visual Studio 15
VisualStudioVersion = 15.0.28307.572
MinimumVisualStudioVersion = 10.0.40219.1
Project("{9A19103F-16F7-4668-BE54-9A1E7A4F7556}") = "Otp", "Otp\Otp.csproj", "{F71772F7-948E-48C2-B51D-71101C90A399}"
EndProject
Project("{FAE04EC0-301F-11D3-BF4B-00C04F79EFBC}") = "OtpUnitTest", "OtpUnitTest\OtpUnitTest.csproj", "{78C52085-C768-4FC2-B358-F63A5CFCCF2A}"
EndProject
Global
	GlobalSection(SolutionConfigurationPlatforms) = preSolution
		Debug|Any CPU = Debug|Any CPU
		Release|Any CPU = Release|Any CPU
	EndGlobalSection
	GlobalSection(ProjectConfigurationPlatforms) = postSolution
		{F71772F7-948E-48C2-B51D-71101C90A399}.Debug|Any CPU.ActiveCfg = Debug|Any CPU
		{F71772F7-948E-48C2-B51D-71101C90A399}.Debug|Any CPU.Build.0 = Debug|Any CPU
		{F71772F7-948E-48C2-B51D-71101C90A399}.Release|Any CPU.ActiveCfg = Release|Any CPU
		{F71772F7-948E-48C2-B51D-71101C90A399}.Release|Any CPU.Build.0 = Release|Any CPU
		{78C52085-C768-4FC2-B358-F63A5CFCCF2A}.Debug|Any CPU.ActiveCfg = Debug|Any CPU
		{78C52085-C768-4FC2-B358-F63A5CFCCF2A}.Debug|Any CPU.Build.0 = Debug|Any CPU
		{78C52085-C768-4FC2-B358-F63A5CFCCF2A}.Release|Any CPU.ActiveCfg = Release|Any CPU
		{78C52085-C768-4FC2-B358-F63A5CFCCF2A}.Release|Any CPU.Build.0 = Release|Any CPU
	EndGlobalSection
	GlobalSection(SolutionProperties) = preSolution
		HideSolutionNode = FALSE
	EndGlobalSection
	GlobalSection(ExtensibilityGlobals) = postSolution
		SolutionGuid = {92ABB91C-8F31-4ADA-87C9-E030D7F24D9D}
	EndGlobalSection
EndGlobal
